// !$*UTF8*$!
{
	archiveVersion = 1;
	classes = {
	};
	objectVersion = 46;
	objects = {

/* Begin PBXBuildFile section */
		1D3623260D0F684500981E51 /* ComposeInKeyAppDelegate.m in Sources */ = {isa = PBXBuildFile; fileRef = 1D3623250D0F684500981E51 /* ComposeInKeyAppDelegate.m */; };
		1D60589B0D05DD56006BFB54 /* main.m in Sources */ = {isa = PBXBuildFile; fileRef = 29B97316FDCFA39411CA2CEA /* main.m */; };
		1D60589F0D05DD5A006BFB54 /* Foundation.framework in Frameworks */ = {isa = PBXBuildFile; fileRef = 1D30AB110D05D00D00671497 /* Foundation.framework */; };
		1DF5F4E00D08C38300B7A737 /* UIKit.framework in Frameworks */ = {isa = PBXBuildFile; fileRef = 1DF5F4DF0D08C38300B7A737 /* UIKit.framework */; };
		2892E4100DC94CBA00A64D0F /* CoreGraphics.framework in Frameworks */ = {isa = PBXBuildFile; fileRef = 2892E40F0DC94CBA00A64D0F /* CoreGraphics.framework */; };
		28AD73600D9D9599002E5188 /* MainWindow.xib in Resources */ = {isa = PBXBuildFile; fileRef = 28AD735F0D9D9599002E5188 /* MainWindow.xib */; };
		28C286E10D94DF7D0034E888 /* MainMenuViewController.m in Sources */ = {isa = PBXBuildFile; fileRef = 28C286E00D94DF7D0034E888 /* MainMenuViewController.m */; };
		492E3626151642B900CC0A98 /* main_menu.jpg in Resources */ = {isa = PBXBuildFile; fileRef = 492E3624151642B900CC0A98 /* main_menu.jpg */; };
		492E3627151642B900CC0A98 /* view_background.jpg in Resources */ = {isa = PBXBuildFile; fileRef = 492E3625151642B900CC0A98 /* view_background.jpg */; };
		492F14741515724900C2EAE1 /* About.m in Sources */ = {isa = PBXBuildFile; fileRef = 492F14721515724900C2EAE1 /* About.m */; };
		492F14751515724900C2EAE1 /* About.xib in Resources */ = {isa = PBXBuildFile; fileRef = 492F14731515724900C2EAE1 /* About.xib */; };
		49C8C7331515742F00515A5A /* AllKeys.m in Sources */ = {isa = PBXBuildFile; fileRef = 49C8C7311515742F00515A5A /* AllKeys.m */; };
		49C8C7341515742F00515A5A /* AllKeys.xib in Resources */ = {isa = PBXBuildFile; fileRef = 49C8C7321515742F00515A5A /* AllKeys.xib */; };
		49C8C74D1515755500515A5A /* KeyInfo.m in Sources */ = {isa = PBXBuildFile; fileRef = 49C8C74B1515755500515A5A /* KeyInfo.m */; };
		49C8C74E1515755500515A5A /* KeyInfo.xib in Resources */ = {isa = PBXBuildFile; fileRef = 49C8C74C1515755500515A5A /* KeyInfo.xib */; };
		49C8C7551515764B00515A5A /* ChordPic.m in Sources */ = {isa = PBXBuildFile; fileRef = 49C8C7531515764B00515A5A /* ChordPic.m */; };
		49C8C7561515764B00515A5A /* ChordPic.xib in Resources */ = {isa = PBXBuildFile; fileRef = 49C8C7541515764B00515A5A /* ChordPic.xib */; };
		49C8C78B1515798800515A5A /* a.gif in Resources */ = {isa = PBXBuildFile; fileRef = 49C8C7701515798800515A5A /* a.gif */; };
		49C8C78C1515798800515A5A /* am.gif in Resources */ = {isa = PBXBuildFile; fileRef = 49C8C7711515798800515A5A /* am.gif */; };
		49C8C78D1515798800515A5A /* asharp.gif in Resources */ = {isa = PBXBuildFile; fileRef = 49C8C7721515798800515A5A /* asharp.gif */; };
		49C8C78E1515798800515A5A /* asharpm.gif in Resources */ = {isa = PBXBuildFile; fileRef = 49C8C7731515798800515A5A /* asharpm.gif */; };
		49C8C78F1515798800515A5A /* b.gif in Resources */ = {isa = PBXBuildFile; fileRef = 49C8C7741515798800515A5A /* b.gif */; };
		49C8C7901515798800515A5A /* bm.gif in Resources */ = {isa = PBXBuildFile; fileRef = 49C8C7751515798800515A5A /* bm.gif */; };
		49C8C7911515798800515A5A /* c.gif in Resources */ = {isa = PBXBuildFile; fileRef = 49C8C7761515798800515A5A /* c.gif */; };
		49C8C7921515798800515A5A /* cm.gif in Resources */ = {isa = PBXBuildFile; fileRef = 49C8C7771515798800515A5A /* cm.gif */; };
		49C8C7931515798800515A5A /* csharp.gif in Resources */ = {isa = PBXBuildFile; fileRef = 49C8C7781515798800515A5A /* csharp.gif */; };
		49C8C7941515798800515A5A /* csharpm.gif in Resources */ = {isa = PBXBuildFile; fileRef = 49C8C7791515798800515A5A /* csharpm.gif */; };
		49C8C7951515798800515A5A /* d.gif in Resources */ = {isa = PBXBuildFile; fileRef = 49C8C77A1515798800515A5A /* d.gif */; };
		49C8C7961515798800515A5A /* dm.gif in Resources */ = {isa = PBXBuildFile; fileRef = 49C8C77B1515798800515A5A /* dm.gif */; };
		49C8C7971515798800515A5A /* dsharp.gif in Resources */ = {isa = PBXBuildFile; fileRef = 49C8C77C1515798800515A5A /* dsharp.gif */; };
		49C8C7981515798800515A5A /* dsharpm.gif in Resources */ = {isa = PBXBuildFile; fileRef = 49C8C77D1515798800515A5A /* dsharpm.gif */; };
		49C8C7991515798800515A5A /* e.gif in Resources */ = {isa = PBXBuildFile; fileRef = 49C8C77E1515798800515A5A /* e.gif */; };
		49C8C79A1515798800515A5A /* em.gif in Resources */ = {isa = PBXBuildFile; fileRef = 49C8C77F1515798800515A5A /* em.gif */; };
		49C8C79B1515798800515A5A /* f.gif in Resources */ = {isa = PBXBuildFile; fileRef = 49C8C7801515798800515A5A /* f.gif */; };
		49C8C79C1515798800515A5A /* fm.gif in Resources */ = {isa = PBXBuildFile; fileRef = 49C8C7811515798800515A5A /* fm.gif */; };
		49C8C79D1515798800515A5A /* fsharp.gif in Resources */ = {isa = PBXBuildFile; fileRef = 49C8C7821515798800515A5A /* fsharp.gif */; };
		49C8C79E1515798800515A5A /* fsharpm.gif in Resources */ = {isa = PBXBuildFile; fileRef = 49C8C7831515798800515A5A /* fsharpm.gif */; };
		49C8C79F1515798800515A5A /* g.gif in Resources */ = {isa = PBXBuildFile; fileRef = 49C8C7841515798800515A5A /* g.gif */; };
		49C8C7A01515798800515A5A /* gm.gif in Resources */ = {isa = PBXBuildFile; fileRef = 49C8C7851515798800515A5A /* gm.gif */; };
		49C8C7A11515798800515A5A /* gsharp.gif in Resources */ = {isa = PBXBuildFile; fileRef = 49C8C7861515798800515A5A /* gsharp.gif */; };
		49C8C7A21515798800515A5A /* gsharpm.gif in Resources */ = {isa = PBXBuildFile; fileRef = 49C8C7871515798800515A5A /* gsharpm.gif */; };
		49C8C7A31515798800515A5A /* Icon.png in Resources */ = {isa = PBXBuildFile; fileRef = 49C8C7881515798800515A5A /* Icon.png */; };
		49C8C7A41515798800515A5A /* Icon@2x.jpg in Resources */ = {isa = PBXBuildFile; fileRef = 49C8C7891515798800515A5A /* Icon@2x.jpg */; };
		49C8C7A51515798800515A5A /* notes.png in Resources */ = {isa = PBXBuildFile; fileRef = 49C8C78A1515798800515A5A /* notes.png */; };
		49C8C7D715157DCC00515A5A /* MainMenuViewController.xib in Resources */ = {isa = PBXBuildFile; fileRef = 49C8C7D615157DCC00515A5A /* MainMenuViewController.xib */; };
/* End PBXBuildFile section */

/* Begin PBXFileReference section */
		1D30AB110D05D00D00671497 /* Foundation.framework */ = {isa = PBXFileReference; lastKnownFileType = wrapper.framework; name = Foundation.framework; path = System/Library/Frameworks/Foundation.framework; sourceTree = SDKROOT; };
		1D3623240D0F684500981E51 /* ComposeInKeyAppDelegate.h */ = {isa = PBXFileReference; fileEncoding = 4; lastKnownFileType = sourcecode.c.h; path = ComposeInKeyAppDelegate.h; sourceTree = "<group>"; };
		1D3623250D0F684500981E51 /* ComposeInKeyAppDelegate.m */ = {isa = PBXFileReference; fileEncoding = 4; lastKnownFileType = sourcecode.c.objc; path = ComposeInKeyAppDelegate.m; sourceTree = "<group>"; };
		1D6058910D05DD3D006BFB54 /* ComposeInKey.app */ = {isa = PBXFileReference; explicitFileType = wrapper.application; includeInIndex = 0; path = ComposeInKey.app; sourceTree = BUILT_PRODUCTS_DIR; };
		1DF5F4DF0D08C38300B7A737 /* UIKit.framework */ = {isa = PBXFileReference; lastKnownFileType = wrapper.framework; name = UIKit.framework; path = System/Library/Frameworks/UIKit.framework; sourceTree = SDKROOT; };
		2892E40F0DC94CBA00A64D0F /* CoreGraphics.framework */ = {isa = PBXFileReference; lastKnownFileType = wrapper.framework; name = CoreGraphics.framework; path = System/Library/Frameworks/CoreGraphics.framework; sourceTree = SDKROOT; };
		28A0AAE50D9B0CCF005BE974 /* ComposeInKey_Prefix.pch */ = {isa = PBXFileReference; fileEncoding = 4; lastKnownFileType = sourcecode.c.h; path = ComposeInKey_Prefix.pch; sourceTree = "<group>"; };
		28AD735F0D9D9599002E5188 /* MainWindow.xib */ = {isa = PBXFileReference; lastKnownFileType = file.xib; path = MainWindow.xib; sourceTree = "<group>"; };
		28C286DF0D94DF7D0034E888 /* MainMenuViewController.h */ = {isa = PBXFileReference; fileEncoding = 4; lastKnownFileType = sourcecode.c.h; path = MainMenuViewController.h; sourceTree = "<group>"; };
		28C286E00D94DF7D0034E888 /* MainMenuViewController.m */ = {isa = PBXFileReference; fileEncoding = 4; lastKnownFileType = sourcecode.c.objc; path = MainMenuViewController.m; sourceTree = "<group>"; };
		29B97316FDCFA39411CA2CEA /* main.m */ = {isa = PBXFileReference; fileEncoding = 4; lastKnownFileType = sourcecode.c.objc; path = main.m; sourceTree = "<group>"; };
		492E3624151642B900CC0A98 /* main_menu.jpg */ = {isa = PBXFileReference; lastKnownFileType = image.jpeg; path = main_menu.jpg; sourceTree = "<group>"; };
		492E3625151642B900CC0A98 /* view_background.jpg */ = {isa = PBXFileReference; lastKnownFileType = image.jpeg; path = view_background.jpg; sourceTree = "<group>"; };
		492F14711515724900C2EAE1 /* About.h */ = {isa = PBXFileReference; fileEncoding = 4; lastKnownFileType = sourcecode.c.h; path = About.h; sourceTree = "<group>"; };
		492F14721515724900C2EAE1 /* About.m */ = {isa = PBXFileReference; fileEncoding = 4; lastKnownFileType = sourcecode.c.objc; path = About.m; sourceTree = "<group>"; };
		492F14731515724900C2EAE1 /* About.xib */ = {isa = PBXFileReference; lastKnownFileType = file.xib; name = About.xib; path = Classes/About.xib; sourceTree = "<group>"; };
		49C8C7301515742F00515A5A /* AllKeys.h */ = {isa = PBXFileReference; fileEncoding = 4; lastKnownFileType = sourcecode.c.h; path = AllKeys.h; sourceTree = "<group>"; };
		49C8C7311515742F00515A5A /* AllKeys.m */ = {isa = PBXFileReference; fileEncoding = 4; lastKnownFileType = sourcecode.c.objc; path = AllKeys.m; sourceTree = "<group>"; };
		49C8C7321515742F00515A5A /* AllKeys.xib */ = {isa = PBXFileReference; lastKnownFileType = file.xib; name = AllKeys.xib; path = Classes/AllKeys.xib; sourceTree = "<group>"; };
		49C8C74A1515755500515A5A /* KeyInfo.h */ = {isa = PBXFileReference; fileEncoding = 4; lastKnownFileType = sourcecode.c.h; path = KeyInfo.h; sourceTree = "<group>"; };
		49C8C74B1515755500515A5A /* KeyInfo.m */ = {isa = PBXFileReference; fileEncoding = 4; lastKnownFileType = sourcecode.c.objc; path = KeyInfo.m; sourceTree = "<group>"; };
		49C8C74C1515755500515A5A /* KeyInfo.xib */ = {isa = PBXFileReference; lastKnownFileType = file.xib; name = KeyInfo.xib; path = Classes/KeyInfo.xib; sourceTree = "<group>"; };
		49C8C7521515764B00515A5A /* ChordPic.h */ = {isa = PBXFileReference; fileEncoding = 4; lastKnownFileType = sourcecode.c.h; path = ChordPic.h; sourceTree = "<group>"; };
		49C8C7531515764B00515A5A /* ChordPic.m */ = {isa = PBXFileReference; fileEncoding = 4; lastKnownFileType = sourcecode.c.objc; path = ChordPic.m; sourceTree = "<group>"; };
		49C8C7541515764B00515A5A /* ChordPic.xib */ = {isa = PBXFileReference; lastKnownFileType = file.xib; name = ChordPic.xib; path = Classes/ChordPic.xib; sourceTree = "<group>"; };
		49C8C7701515798800515A5A /* a.gif */ = {isa = PBXFileReference; lastKnownFileType = image.gif; path = a.gif; sourceTree = "<group>"; };
		49C8C7711515798800515A5A /* am.gif */ = {isa = PBXFileReference; lastKnownFileType = image.gif; path = am.gif; sourceTree = "<group>"; };
		49C8C7721515798800515A5A /* asharp.gif */ = {isa = PBXFileReference; lastKnownFileType = image.gif; path = asharp.gif; sourceTree = "<group>"; };
		49C8C7731515798800515A5A /* asharpm.gif */ = {isa = PBXFileReference; lastKnownFileType = image.gif; path = asharpm.gif; sourceTree = "<group>"; };
		49C8C7741515798800515A5A /* b.gif */ = {isa = PBXFileReference; lastKnownFileType = image.gif; path = b.gif; sourceTree = "<group>"; };
		49C8C7751515798800515A5A /* bm.gif */ = {isa = PBXFileReference; lastKnownFileType = image.gif; path = bm.gif; sourceTree = "<group>"; };
		49C8C7761515798800515A5A /* c.gif */ = {isa = PBXFileReference; lastKnownFileType = image.gif; path = c.gif; sourceTree = "<group>"; };
		49C8C7771515798800515A5A /* cm.gif */ = {isa = PBXFileReference; lastKnownFileType = image.gif; path = cm.gif; sourceTree = "<group>"; };
		49C8C7781515798800515A5A /* csharp.gif */ = {isa = PBXFileReference; lastKnownFileType = image.gif; path = csharp.gif; sourceTree = "<group>"; };
		49C8C7791515798800515A5A /* csharpm.gif */ = {isa = PBXFileReference; lastKnownFileType = image.gif; path = csharpm.gif; sourceTree = "<group>"; };
		49C8C77A1515798800515A5A /* d.gif */ = {isa = PBXFileReference; lastKnownFileType = image.gif; path = d.gif; sourceTree = "<group>"; };
		49C8C77B1515798800515A5A /* dm.gif */ = {isa = PBXFileReference; lastKnownFileType = image.gif; path = dm.gif; sourceTree = "<group>"; };
		49C8C77C1515798800515A5A /* dsharp.gif */ = {isa = PBXFileReference; lastKnownFileType = image.gif; path = dsharp.gif; sourceTree = "<group>"; };
		49C8C77D1515798800515A5A /* dsharpm.gif */ = {isa = PBXFileReference; lastKnownFileType = image.gif; path = dsharpm.gif; sourceTree = "<group>"; };
		49C8C77E1515798800515A5A /* e.gif */ = {isa = PBXFileReference; lastKnownFileType = image.gif; path = e.gif; sourceTree = "<group>"; };
		49C8C77F1515798800515A5A /* em.gif */ = {isa = PBXFileReference; lastKnownFileType = image.gif; path = em.gif; sourceTree = "<group>"; };
		49C8C7801515798800515A5A /* f.gif */ = {isa = PBXFileReference; lastKnownFileType = image.gif; path = f.gif; sourceTree = "<group>"; };
		49C8C7811515798800515A5A /* fm.gif */ = {isa = PBXFileReference; lastKnownFileType = image.gif; path = fm.gif; sourceTree = "<group>"; };
		49C8C7821515798800515A5A /* fsharp.gif */ = {isa = PBXFileReference; lastKnownFileType = image.gif; path = fsharp.gif; sourceTree = "<group>"; };
		49C8C7831515798800515A5A /* fsharpm.gif */ = {isa = PBXFileReference; lastKnownFileType = image.gif; path = fsharpm.gif; sourceTree = "<group>"; };
		49C8C7841515798800515A5A /* g.gif */ = {isa = PBXFileReference; lastKnownFileType = image.gif; path = g.gif; sourceTree = "<group>"; };
		49C8C7851515798800515A5A /* gm.gif */ = {isa = PBXFileReference; lastKnownFileType = image.gif; path = gm.gif; sourceTree = "<group>"; };
		49C8C7861515798800515A5A /* gsharp.gif */ = {isa = PBXFileReference; lastKnownFileType = image.gif; path = gsharp.gif; sourceTree = "<group>"; };
		49C8C7871515798800515A5A /* gsharpm.gif */ = {isa = PBXFileReference; lastKnownFileType = image.gif; path = gsharpm.gif; sourceTree = "<group>"; };
		49C8C7881515798800515A5A /* Icon.png */ = {isa = PBXFileReference; lastKnownFileType = image.png; path = Icon.png; sourceTree = "<group>"; };
		49C8C7891515798800515A5A /* Icon@2x.jpg */ = {isa = PBXFileReference; lastKnownFileType = image.jpeg; path = "Icon@2x.jpg"; sourceTree = "<group>"; };
		49C8C78A1515798800515A5A /* notes.png */ = {isa = PBXFileReference; lastKnownFileType = image.png; path = notes.png; sourceTree = "<group>"; };
		49C8C7D615157DCC00515A5A /* MainMenuViewController.xib */ = {isa = PBXFileReference; lastKnownFileType = file.xib; name = MainMenuViewController.xib; path = "ComposeInKeys-1.moved-aside/MainMenuViewController.xib"; sourceTree = "<group>"; };
		8D1107310486CEB800E47090 /* ComposeInKey-Info.plist */ = {isa = PBXFileReference; fileEncoding = 4; lastKnownFileType = text.plist.xml; path = "ComposeInKey-Info.plist"; plistStructureDefinitionIdentifier = "com.apple.xcode.plist.structure-definition.iphone.info-plist"; sourceTree = "<group>"; };
/* End PBXFileReference section */

/* Begin PBXFrameworksBuildPhase section */
		1D60588F0D05DD3D006BFB54 /* Frameworks */ = {
			isa = PBXFrameworksBuildPhase;
			buildActionMask = 2147483647;
			files = (
				1D60589F0D05DD5A006BFB54 /* Foundation.framework in Frameworks */,
				1DF5F4E00D08C38300B7A737 /* UIKit.framework in Frameworks */,
				2892E4100DC94CBA00A64D0F /* CoreGraphics.framework in Frameworks */,
			);
			runOnlyForDeploymentPostprocessing = 0;
		};
/* End PBXFrameworksBuildPhase section */

/* Begin PBXGroup section */
		080E96DDFE201D6D7F000001 /* Classes */ = {
			isa = PBXGroup;
			children = (
				28C286DF0D94DF7D0034E888 /* MainMenuViewController.h */,
				28C286E00D94DF7D0034E888 /* MainMenuViewController.m */,
				1D3623240D0F684500981E51 /* ComposeInKeyAppDelegate.h */,
				1D3623250D0F684500981E51 /* ComposeInKeyAppDelegate.m */,
				492F14711515724900C2EAE1 /* About.h */,
				492F14721515724900C2EAE1 /* About.m */,
				49C8C7301515742F00515A5A /* AllKeys.h */,
				49C8C7311515742F00515A5A /* AllKeys.m */,
				49C8C74A1515755500515A5A /* KeyInfo.h */,
				49C8C74B1515755500515A5A /* KeyInfo.m */,
				49C8C7521515764B00515A5A /* ChordPic.h */,
				49C8C7531515764B00515A5A /* ChordPic.m */,
			);
			path = Classes;
			sourceTree = "<group>";
		};
		19C28FACFE9D520D11CA2CBB /* Products */ = {
			isa = PBXGroup;
			children = (
				1D6058910D05DD3D006BFB54 /* ComposeInKey.app */,
			);
			name = Products;
			sourceTree = "<group>";
		};
		29B97314FDCFA39411CA2CEA /* CustomTemplate */ = {
			isa = PBXGroup;
			children = (
				080E96DDFE201D6D7F000001 /* Classes */,
				29B97315FDCFA39411CA2CEA /* Other Sources */,
				29B97317FDCFA39411CA2CEA /* Resources */,
				29B97323FDCFA39411CA2CEA /* Frameworks */,
				19C28FACFE9D520D11CA2CBB /* Products */,
			);
			name = CustomTemplate;
			sourceTree = "<group>";
		};
		29B97315FDCFA39411CA2CEA /* Other Sources */ = {
			isa = PBXGroup;
			children = (
				28A0AAE50D9B0CCF005BE974 /* ComposeInKey_Prefix.pch */,
				29B97316FDCFA39411CA2CEA /* main.m */,
			);
			name = "Other Sources";
			sourceTree = "<group>";
		};
		29B97317FDCFA39411CA2CEA /* Resources */ = {
			isa = PBXGroup;
			children = (
				492E3624151642B900CC0A98 /* main_menu.jpg */,
				492E3625151642B900CC0A98 /* view_background.jpg */,
				28AD735F0D9D9599002E5188 /* MainWindow.xib */,
				49C8C7D615157DCC00515A5A /* MainMenuViewController.xib */,
				492F14731515724900C2EAE1 /* About.xib */,
				49C8C7321515742F00515A5A /* AllKeys.xib */,
				49C8C74C1515755500515A5A /* KeyInfo.xib */,
				49C8C7541515764B00515A5A /* ChordPic.xib */,
				49C8C7701515798800515A5A /* a.gif */,
				49C8C7711515798800515A5A /* am.gif */,
				49C8C7721515798800515A5A /* asharp.gif */,
				49C8C7731515798800515A5A /* asharpm.gif */,
				49C8C7741515798800515A5A /* b.gif */,
				49C8C7751515798800515A5A /* bm.gif */,
				49C8C7761515798800515A5A /* c.gif */,
				49C8C7771515798800515A5A /* cm.gif */,
				49C8C7781515798800515A5A /* csharp.gif */,
				49C8C7791515798800515A5A /* csharpm.gif */,
				49C8C77A1515798800515A5A /* d.gif */,
				49C8C77B1515798800515A5A /* dm.gif */,
				49C8C77C1515798800515A5A /* dsharp.gif */,
				49C8C77D1515798800515A5A /* dsharpm.gif */,
				49C8C77E1515798800515A5A /* e.gif */,
				49C8C77F1515798800515A5A /* em.gif */,
				49C8C7801515798800515A5A /* f.gif */,
				49C8C7811515798800515A5A /* fm.gif */,
				49C8C7821515798800515A5A /* fsharp.gif */,
				49C8C7831515798800515A5A /* fsharpm.gif */,
				49C8C7841515798800515A5A /* g.gif */,
				49C8C7851515798800515A5A /* gm.gif */,
				49C8C7861515798800515A5A /* gsharp.gif */,
				49C8C7871515798800515A5A /* gsharpm.gif */,
				49C8C7881515798800515A5A /* Icon.png */,
				49C8C7891515798800515A5A /* Icon@2x.jpg */,
				49C8C78A1515798800515A5A /* notes.png */,
				8D1107310486CEB800E47090 /* ComposeInKey-Info.plist */,
			);
			name = Resources;
			sourceTree = "<group>";
		};
		29B97323FDCFA39411CA2CEA /* Frameworks */ = {
			isa = PBXGroup;
			children = (
				1DF5F4DF0D08C38300B7A737 /* UIKit.framework */,
				1D30AB110D05D00D00671497 /* Foundation.framework */,
				2892E40F0DC94CBA00A64D0F /* CoreGraphics.framework */,
			);
			name = Frameworks;
			sourceTree = "<group>";
		};
/* End PBXGroup section */

/* Begin PBXNativeTarget section */
		1D6058900D05DD3D006BFB54 /* ComposeInKey */ = {
			isa = PBXNativeTarget;
			buildConfigurationList = 1D6058960D05DD3E006BFB54 /* Build configuration list for PBXNativeTarget "ComposeInKey" */;
			buildPhases = (
				1D60588D0D05DD3D006BFB54 /* Resources */,
				1D60588E0D05DD3D006BFB54 /* Sources */,
				1D60588F0D05DD3D006BFB54 /* Frameworks */,
			);
			buildRules = (
			);
			dependencies = (
			);
			name = ComposeInKey;
			productName = ComposeInKey;
			productReference = 1D6058910D05DD3D006BFB54 /* ComposeInKey.app */;
			productType = "com.apple.product-type.application";
		};
/* End PBXNativeTarget section */

/* Begin PBXProject section */
		29B97313FDCFA39411CA2CEA /* Project object */ = {
			isa = PBXProject;
			buildConfigurationList = C01FCF4E08A954540054247B /* Build configuration list for PBXProject "ComposeInKey" */;
			compatibilityVersion = "Xcode 3.2";
			developmentRegion = English;
			hasScannedForEncodings = 1;
			knownRegions = (
				English,
				Japanese,
				French,
				German,
				en,
			);
			mainGroup = 29B97314FDCFA39411CA2CEA /* CustomTemplate */;
			projectDirPath = "";
			projectRoot = "";
			targets = (
				1D6058900D05DD3D006BFB54 /* ComposeInKey */,
			);
		};
/* End PBXProject section */

/* Begin PBXResourcesBuildPhase section */
		1D60588D0D05DD3D006BFB54 /* Resources */ = {
			isa = PBXResourcesBuildPhase;
			buildActionMask = 2147483647;
			files = (
				28AD73600D9D9599002E5188 /* MainWindow.xib in Resources */,
				492F14751515724900C2EAE1 /* About.xib in Resources */,
				49C8C7341515742F00515A5A /* AllKeys.xib in Resources */,
				49C8C74E1515755500515A5A /* KeyInfo.xib in Resources */,
				49C8C7561515764B00515A5A /* ChordPic.xib in Resources */,
				49C8C78B1515798800515A5A /* a.gif in Resources */,
				49C8C78C1515798800515A5A /* am.gif in Resources */,
				49C8C78D1515798800515A5A /* asharp.gif in Resources */,
				49C8C78E1515798800515A5A /* asharpm.gif in Resources */,
				49C8C78F1515798800515A5A /* b.gif in Resources */,
				49C8C7901515798800515A5A /* bm.gif in Resources */,
				49C8C7911515798800515A5A /* c.gif in Resources */,
				49C8C7921515798800515A5A /* cm.gif in Resources */,
				49C8C7931515798800515A5A /* csharp.gif in Resources */,
				49C8C7941515798800515A5A /* csharpm.gif in Resources */,
				49C8C7951515798800515A5A /* d.gif in Resources */,
				49C8C7961515798800515A5A /* dm.gif in Resources */,
				49C8C7971515798800515A5A /* dsharp.gif in Resources */,
				49C8C7981515798800515A5A /* dsharpm.gif in Resources */,
				49C8C7991515798800515A5A /* e.gif in Resources */,
				49C8C79A1515798800515A5A /* em.gif in Resources */,
				49C8C79B1515798800515A5A /* f.gif in Resources */,
				49C8C79C1515798800515A5A /* fm.gif in Resources */,
				49C8C79D1515798800515A5A /* fsharp.gif in Resources */,
				49C8C79E1515798800515A5A /* fsharpm.gif in Resources */,
				49C8C79F1515798800515A5A /* g.gif in Resources */,
				49C8C7A01515798800515A5A /* gm.gif in Resources */,
				49C8C7A11515798800515A5A /* gsharp.gif in Resources */,
				49C8C7A21515798800515A5A /* gsharpm.gif in Resources */,
				49C8C7A31515798800515A5A /* Icon.png in Resources */,
				49C8C7A41515798800515A5A /* Icon@2x.jpg in Resources */,
				49C8C7A51515798800515A5A /* notes.png in Resources */,
				49C8C7D715157DCC00515A5A /* MainMenuViewController.xib in Resources */,
				492E3626151642B900CC0A98 /* main_menu.jpg in Resources */,
				492E3627151642B900CC0A98 /* view_background.jpg in Resources */,
			);
			runOnlyForDeploymentPostprocessing = 0;
		};
/* End PBXResourcesBuildPhase section */

/* Begin PBXSourcesBuildPhase section */
		1D60588E0D05DD3D006BFB54 /* Sources */ = {
			isa = PBXSourcesBuildPhase;
			buildActionMask = 2147483647;
			files = (
				1D60589B0D05DD56006BFB54 /* main.m in Sources */,
				1D3623260D0F684500981E51 /* ComposeInKeyAppDelegate.m in Sources */,
				28C286E10D94DF7D0034E888 /* MainMenuViewController.m in Sources */,
				492F14741515724900C2EAE1 /* About.m in Sources */,
				49C8C7331515742F00515A5A /* AllKeys.m in Sources */,
				49C8C74D1515755500515A5A /* KeyInfo.m in Sources */,
				49C8C7551515764B00515A5A /* ChordPic.m in Sources */,
			);
			runOnlyForDeploymentPostprocessing = 0;
		};
/* End PBXSourcesBuildPhase section */

/* Begin XCBuildConfiguration section */
		1D6058940D05DD3E006BFB54 /* Debug */ = {
			isa = XCBuildConfiguration;
			buildSettings = {
				ALWAYS_SEARCH_USER_PATHS = NO;
				COPY_PHASE_STRIP = NO;
				GCC_DYNAMIC_NO_PIC = NO;
				GCC_OPTIMIZATION_LEVEL = 0;
				GCC_PRECOMPILE_PREFIX_HEADER = YES;
				GCC_PREFIX_HEADER = ComposeInKey_Prefix.pch;
				INFOPLIST_FILE = "ComposeInKey-Info.plist";
				PRODUCT_NAME = ComposeInKey;
			};
			name = Debug;
		};
		1D6058950D05DD3E006BFB54 /* Release */ = {
			isa = XCBuildConfiguration;
			buildSettings = {
				ALWAYS_SEARCH_USER_PATHS = NO;
				COPY_PHASE_STRIP = YES;
				GCC_PRECOMPILE_PREFIX_HEADER = YES;
				GCC_PREFIX_HEADER = ComposeInKey_Prefix.pch;
				INFOPLIST_FILE = "ComposeInKey-Info.plist";
				PRODUCT_NAME = ComposeInKey;
				VALIDATE_PRODUCT = YES;
			};
			name = Release;
		};
		C01FCF4F08A954540054247B /* Debug */ = {
			isa = XCBuildConfiguration;
			buildSettings = {
				ARCHS = "$(ARCHS_STANDARD_32_BIT)";
				"CODE_SIGN_IDENTITY[sdk=iphoneos*]" = "iPhone Developer";
				GCC_C_LANGUAGE_STANDARD = c99;
				GCC_WARN_ABOUT_RETURN_TYPE = YES;
				GCC_WARN_UNUSED_VARIABLE = YES;
				PREBINDING = NO;
				SDKROOT = iphoneos;
			};
			name = Debug;
		};
		C01FCF5008A954540054247B /* Release */ = {
			isa = XCBuildConfiguration;
			buildSettings = {
				ARCHS = "$(ARCHS_STANDARD_32_BIT)";
				"CODE_SIGN_IDENTITY[sdk=iphoneos*]" = "iPhone Developer";
				GCC_C_LANGUAGE_STANDARD = c99;
				GCC_WARN_ABOUT_RETURN_TYPE = YES;
				GCC_WARN_UNUSED_VARIABLE = YES;
				OTHER_CFLAGS = "-DNS_BLOCK_ASSERTIONS=1";
				PREBINDING = NO;
				SDKROOT = iphoneos;
			};
			name = Release;
		};
/* End XCBuildConfiguration section */

/* Begin XCConfigurationList section */
		1D6058960D05DD3E006BFB54 /* Build configuration list for PBXNativeTarget "ComposeInKey" */ = {
			isa = XCConfigurationList;
			buildConfigurations = (
				1D6058940D05DD3E006BFB54 /* Debug */,
				1D6058950D05DD3E006BFB54 /* Release */,
			);
			defaultConfigurationIsVisible = 0;
			defaultConfigurationName = Release;
		};
		C01FCF4E08A954540054247B /* Build configuration list for PBXProject "ComposeInKey" */ = {
			isa = XCConfigurationList;
			buildConfigurations = (
				C01FCF4F08A954540054247B /* Debug */,
				C01FCF5008A954540054247B /* Release */,
			);
			defaultConfigurationIsVisible = 0;
			defaultConfigurationName = Release;
		};
/* End XCConfigurationList section */
	};
	rootObject = 29B97313FDCFA39411CA2CEA /* Project object */;
}
